<?xml version="1.0" encoding="utf-8"?>
<Project ToolsVersion="4.0" xmlns="http://schemas.microsoft.com/developer/msbuild/2003">
  <ItemGroup>
    <Filter Include="소스 파일">
      <UniqueIdentifier>{4FC737F1-C7A5-4376-A066-2A32D752A2FF}</UniqueIdentifier>
      <Extensions>cpp;c;cc;cxx;c++;cppm;ixx;def;odl;idl;hpj;bat;asm;asmx</Extensions>
    </Filter>
    <Filter Include="헤더 파일">
      <UniqueIdentifier>{93995380-89BD-4b04-88EB-625FBE52EBFB}</UniqueIdentifier>
      <Extensions>h;hh;hpp;hxx;h++;hm;inl;inc;ipp;xsd</Extensions>
    </Filter>
    <Filter Include="리소스 파일">
      <UniqueIdentifier>{67DA6AB6-F800-4c08-8B7A-83BB121AAD01}</UniqueIdentifier>
      <Extensions>rc;ico;cur;bmp;dlg;rc2;rct;bin;rgs;gif;jpg;jpeg;jpe;resx;tiff;tif;png;wav;mfcribbon-ms</Extensions>
    </Filter>
    <Filter Include="소스 파일\Chapter1">
      <UniqueIdentifier>{b89f609d-f1de-43e5-8ec3-511edacbdc80}</UniqueIdentifier>
    </Filter>
    <Filter Include="소스 파일\Chapter2">
      <UniqueIdentifier>{a5ac4d0f-9d44-4e7a-9e39-ef8fbfb00472}</UniqueIdentifier>
    </Filter>
  </ItemGroup>
  <ItemGroup>
    <ClCompile Include="README.md">
      <Filter>소스 파일</Filter>
    </ClCompile>
    <ClCompile Include="1-1 c++은 언어들의 연합체.cpp">
      <Filter>소스 파일\Chapter1</Filter>
    </ClCompile>
    <ClCompile Include="1-2 define을 쓰기전에 const, enum, inline을 먼저 생각하자.cpp">
      <Filter>소스 파일\Chapter1</Filter>
    </ClCompile>
    <ClCompile Include="1-3 const를 적극 사용하자.cpp">
      <Filter>소스 파일\Chapter1</Filter>
    </ClCompile>
    <ClCompile Include="1-4 객체를 반드시 초기화하자.cpp">
      <Filter>소스 파일\Chapter1</Filter>
    </ClCompile>
    <ClCompile Include="2-1 C++이 은근슬쩍 만들어 호출하는 함수들.cpp">
      <Filter>소스 파일\Chapter2</Filter>
    </ClCompile>
    <ClCompile Include="2-2 컴파일러가 만들어낸 함수가 필요없으면 사용을 금지해버리자.cpp">
      <Filter>소스 파일\Chapter2</Filter>
    </ClCompile>
    <ClCompile Include="2-3 다형성을 가진 기본 클래스의 소멸자는 가상 소멸자로.cpp">
      <Filter>소스 파일\Chapter2</Filter>
    </ClCompile>
    <ClCompile Include="2-4 예외가 소멸자를 떠나지 못하도록하자.cpp">
      <Filter>소스 파일\Chapter2</Filter>
    </ClCompile>
    <ClCompile Include="2-5 객체 생성 및 소멸 과정 중에는 가상 함수를 호출하지 말자.cpp">
      <Filter>소스 파일\Chapter2</Filter>
    </ClCompile>
    <ClCompile Include="2-6 대입 연산자는 this의 참조자를 반환하게 하자.cpp">
      <Filter>소스 파일\Chapter2</Filter>
    </ClCompile>
  </ItemGroup>
</Project>