<?xml version="1.0" encoding="utf-8"?>
<Project ToolsVersion="4.0" xmlns="http://schemas.microsoft.com/developer/msbuild/2003">
  <ItemGroup>
    <Filter Include="소스 파일">
      <UniqueIdentifier>{4FC737F1-C7A5-4376-A066-2A32D752A2FF}</UniqueIdentifier>
      <Extensions>cpp;c;cc;cxx;c++;cppm;ixx;def;odl;idl;hpj;bat;asm;asmx</Extensions>
    </Filter>
    <Filter Include="헤더 파일">
      <UniqueIdentifier>{93995380-89BD-4b04-88EB-625FBE52EBFB}</UniqueIdentifier>
      <Extensions>h;hh;hpp;hxx;h++;hm;inl;inc;ipp;xsd</Extensions>
    </Filter>
    <Filter Include="리소스 파일">
      <UniqueIdentifier>{67DA6AB6-F800-4c08-8B7A-83BB121AAD01}</UniqueIdentifier>
      <Extensions>rc;ico;cur;bmp;dlg;rc2;rct;bin;rgs;gif;jpg;jpeg;jpe;resx;tiff;tif;png;wav;mfcribbon-ms</Extensions>
    </Filter>
  </ItemGroup>
  <ItemGroup>
    <ClCompile Include="6-1 public 상속 모형은 is-a 를 따르도록하자.cpp">
      <Filter>소스 파일</Filter>
    </ClCompile>
    <ClCompile Include="6-2 상속된 이름을 숨기는 일은 피하자.cpp">
      <Filter>소스 파일</Filter>
    </ClCompile>
    <ClCompile Include="6-3 구현 상속과 인터페이스 상속의 차이를 제대로 알자.cpp">
      <Filter>소스 파일</Filter>
    </ClCompile>
    <ClCompile Include="6-4 가상 함수 대신 쓸 것들도 생각해주자.cpp">
      <Filter>소스 파일</Filter>
    </ClCompile>
    <ClCompile Include="6-5 상속받은 비가상 함수를 파생 클래스애서 재정의하는 것은 금물.cpp">
      <Filter>소스 파일</Filter>
    </ClCompile>
    <ClCompile Include="6-6 어떤 함수에 대해서도 상속받은 기본 매개변수 값은 재정의하지 말자.cpp">
      <Filter>소스 파일</Filter>
    </ClCompile>
    <ClCompile Include="6-7 has-a 혹은 is-implemented-in-terms-of를 모형화 할때는 객체 합성을 사용하자.cpp">
      <Filter>소스 파일</Filter>
    </ClCompile>
    <ClCompile Include="6-8 private 상속은 심사숙고해서 쓰자.cpp">
      <Filter>소스 파일</Filter>
    </ClCompile>
    <ClCompile Include="6-9 다중 상속은 심사숙고해서 쓰자.cpp">
      <Filter>소스 파일</Filter>
    </ClCompile>
  </ItemGroup>
  <ItemGroup>
    <ClInclude Include="pch.h">
      <Filter>헤더 파일</Filter>
    </ClInclude>
  </ItemGroup>
</Project>